
Microsoft Visual Studio Solution File, Format Version 12.00
# Visual Studio Version 16
VisualStudioVersion = 16.0.30114.105
MinimumVisualStudioVersion = 10.0.40219.1
Project("{FAE04EC0-301F-11D3-BF4B-00C04F79EFBC}") = "TI4-DT-SJ", "TI4-DT-SJ\TI4-DT-SJ.csproj", "{B9D23724-F95F-4322-9E39-59CF7C31C5B2}"
EndProject
Global
	GlobalSection(SolutionConfigurationPlatforms) = preSolution
		Debug|Any CPU = Debug|Any CPU
		Release|Any CPU = Release|Any CPU
	EndGlobalSection
	GlobalSection(ProjectConfigurationPlatforms) = postSolution
		{B9D23724-F95F-4322-9E39-59CF7C31C5B2}.Debug|Any CPU.ActiveCfg = Debug|Any CPU
		{B9D23724-F95F-4322-9E39-59CF7C31C5B2}.Debug|Any CPU.Build.0 = Debug|Any CPU
		{B9D23724-F95F-4322-9E39-59CF7C31C5B2}.Release|Any CPU.ActiveCfg = Release|Any CPU
		{B9D23724-F95F-4322-9E39-59CF7C31C5B2}.Release|Any CPU.Build.0 = Release|Any CPU
	EndGlobalSection
	GlobalSection(SolutionProperties) = preSolution
		HideSolutionNode = FALSE
	EndGlobalSection
	GlobalSection(ExtensibilityGlobals) = postSolution
		SolutionGuid = {DF768C0C-BCEF-4C22-A9D3-A821825CA52B}
	EndGlobalSection
EndGlobal
